uuid: c4405714-d614-405e-b6dd-ab24f949477c
langcode: en
status: true
dependencies:
  module:
    - dashpage
  theme:
    - novacast
id: novacast_featurefirstblock
theme: novacast
region: header
weight: 0
provider: null
plugin: feature_first_block
settings:
  id: feature_first_block
  label: 'Feature First Block'
  label_display: '0'
  provider: dashpage
visibility: {  }
