uuid: 4aaa2dec-edd8-475b-a6fd-d27bf5748b89
langcode: en
status: true
dependencies:
  module:
    - siteinfo
  theme:
    - coffee_zymphonies_theme
id: siteinfosidelinkblock
theme: coffee_zymphonies_theme
region: sidebar_first
weight: 0
provider: null
plugin: side_link_block
settings:
  id: side_link_block
  label: 'Siteinfo Side Link Block'
  provider: siteinfo
  label_display: '0'
visibility: {  }
