uuid: 91a21245-56ed-4f3e-b954-7a405a2924d1
langcode: en
status: true
dependencies:
  module:
    - node
    - siteinfo
  theme:
    - drupal8_zymphonies_theme
id: siteinfosidelinkblock
theme: drupal8_zymphonies_theme
region: sidebar_first
weight: 0
provider: null
plugin: side_link_block
settings:
  id: side_link_block
  label: 'Siteinfo Side Link Block'
  provider: siteinfo
  label_display: '0'
visibility:
  node_type:
    id: node_type
    bundles:
      article: article
      page: page
    negate: false
    context_mapping:
      node: '@node.node_route_context:node'
