uuid: b618e1ef-283f-4049-8dd1-d43a1b21072e
langcode: en
status: true
dependencies:
  module:
    - dashpage
  theme:
    - wanbo
id: featurefirstblock
theme: wanbo
region: featured_bottom_first
weight: 0
provider: null
plugin: feature_first_block
settings:
  id: feature_first_block
  label: 'Feature First Block'
  label_display: '0'
  provider: dashpage
visibility: {  }
