uuid: 9b935c6a-7f90-4f8c-bf22-b3fb5f6219f0
langcode: en
status: false
dependencies:
  module:
    - dashpage
  theme:
    - ob_barrio
id: ob_barrio_featurefirstblock
theme: ob_barrio
region: content
weight: -3
provider: null
plugin: feature_first_block
settings:
  id: feature_first_block
  label: 'Feature First Block'
  label_display: '0'
  provider: dashpage
visibility: {  }
