uuid: 483b75c1-95a2-4ebd-b735-e548e7cee203
langcode: en
status: true
dependencies:
  module:
    - dashpage
    - system
  theme:
    - wanbo
id: featureproductblock
theme: wanbo
region: content
weight: -6
provider: null
plugin: feature_product_block
settings:
  id: feature_product_block
  label: 'Feature Product Block'
  label_display: '0'
  provider: dashpage
visibility:
  request_path:
    id: request_path
    negate: false
    pages: '<front>'
