uuid: 17ec5910-1b76-4deb-9efc-ea493a062cb0
langcode: en
status: true
dependencies:
  module:
    - dashpage
    - system
  theme:
    - novacast
id: novacast_featureproductblock
theme: novacast
region: content
weight: -6
provider: null
plugin: feature_product_block
settings:
  id: feature_product_block
  label: 'Feature Product Block'
  label_display: '0'
  provider: dashpage
visibility:
  request_path:
    id: request_path
    negate: false
    pages: '<front>'
