uuid: 1a536e81-5052-4db6-8ff1-85c84218a3e8
langcode: en
status: true
dependencies:
  module:
    - dashpage
    - system
  theme:
    - wanbo
id: featurethirdblock
theme: wanbo
region: featured_bottom_third
weight: -10
provider: null
plugin: feature_third_block
settings:
  id: feature_third_block
  label: 'Feature Third Block'
  label_display: '0'
  provider: dashpage
visibility:
  request_path:
    id: request_path
    negate: false
    pages: '<front>'
